
Microsoft Visual Studio Solution File, Format Version 12.00
# Visual Studio Version 17
VisualStudioVersion = 17.10.35122.118
MinimumVisualStudioVersion = 10.0.40219.1
Project("{2150E333-8FDC-42A3-9474-1A3956D46DE8}") = "Solution Items", "Solution Items", "{6CB4AFC6-7AB4-47CA-9819-0E765EBFF99D}"
	ProjectSection(SolutionItems) = preProject
		README.md = README.md
	EndProjectSection
EndProject
Project("{9A19103F-16F7-4668-BE54-9A1E7A4F7556}") = "TestMailing", "TestMailing\TestMailing.csproj", "{B47675FD-38D1-4AF5-81D0-6E69244B4BB5}"
EndProject
Project("{FAE04EC0-301F-11D3-BF4B-00C04F79EFBC}") = "MailSenderService", "MailSenderService\MailSenderService.csproj", "{F5D7FEB8-2476-4743-9F9E-70CEFC5A434E}"
EndProject
Global
	GlobalSection(SolutionConfigurationPlatforms) = preSolution
		Debug|Any CPU = Debug|Any CPU
		Release|Any CPU = Release|Any CPU
	EndGlobalSection
	GlobalSection(ProjectConfigurationPlatforms) = postSolution
		{B47675FD-38D1-4AF5-81D0-6E69244B4BB5}.Debug|Any CPU.ActiveCfg = Debug|Any CPU
		{B47675FD-38D1-4AF5-81D0-6E69244B4BB5}.Debug|Any CPU.Build.0 = Debug|Any CPU
		{B47675FD-38D1-4AF5-81D0-6E69244B4BB5}.Release|Any CPU.ActiveCfg = Release|Any CPU
		{B47675FD-38D1-4AF5-81D0-6E69244B4BB5}.Release|Any CPU.Build.0 = Release|Any CPU
		{F5D7FEB8-2476-4743-9F9E-70CEFC5A434E}.Debug|Any CPU.ActiveCfg = Debug|Any CPU
		{F5D7FEB8-2476-4743-9F9E-70CEFC5A434E}.Debug|Any CPU.Build.0 = Debug|Any CPU
		{F5D7FEB8-2476-4743-9F9E-70CEFC5A434E}.Release|Any CPU.ActiveCfg = Release|Any CPU
		{F5D7FEB8-2476-4743-9F9E-70CEFC5A434E}.Release|Any CPU.Build.0 = Release|Any CPU
	EndGlobalSection
	GlobalSection(SolutionProperties) = preSolution
		HideSolutionNode = FALSE
	EndGlobalSection
	GlobalSection(ExtensibilityGlobals) = postSolution
		SolutionGuid = {887FD936-B701-4FFC-A4F2-F77846AC01AE}
	EndGlobalSection
EndGlobal
